
Microsoft Visual Studio Solution File, Format Version 11.00
# Visual Web Developer Express 2010
Project("{FAE04EC0-301F-11D3-BF4B-00C04F79EFBC}") = "MovieFiler", "MovieFiler\MovieFiler.csproj", "{ACC84606-EA0E-4C5A-BE9F-96F78EC8F511}"
EndProject
Global
	GlobalSection(SolutionConfigurationPlatforms) = preSolution
		Debug|Any CPU = Debug|Any CPU
		Debug|Mixed Platforms = Debug|Mixed Platforms
		Debug|x86 = Debug|x86
		Release|Any CPU = Release|Any CPU
		Release|Mixed Platforms = Release|Mixed Platforms
		Release|x86 = Release|x86
	EndGlobalSection
	GlobalSection(ProjectConfigurationPlatforms) = postSolution
		{ACC84606-EA0E-4C5A-BE9F-96F78EC8F511}.Debug|Any CPU.ActiveCfg = Debug|x86
		{ACC84606-EA0E-4C5A-BE9F-96F78EC8F511}.Debug|Mixed Platforms.ActiveCfg = Debug|x86
		{ACC84606-EA0E-4C5A-BE9F-96F78EC8F511}.Debug|Mixed Platforms.Build.0 = Debug|x86
		{ACC84606-EA0E-4C5A-BE9F-96F78EC8F511}.Debug|x86.ActiveCfg = Debug|x86
		{ACC84606-EA0E-4C5A-BE9F-96F78EC8F511}.Debug|x86.Build.0 = Debug|x86
		{ACC84606-EA0E-4C5A-BE9F-96F78EC8F511}.Release|Any CPU.ActiveCfg = Release|x86
		{ACC84606-EA0E-4C5A-BE9F-96F78EC8F511}.Release|Mixed Platforms.ActiveCfg = Release|x86
		{ACC84606-EA0E-4C5A-BE9F-96F78EC8F511}.Release|Mixed Platforms.Build.0 = Release|x86
		{ACC84606-EA0E-4C5A-BE9F-96F78EC8F511}.Release|x86.ActiveCfg = Release|x86
		{ACC84606-EA0E-4C5A-BE9F-96F78EC8F511}.Release|x86.Build.0 = Release|x86
	EndGlobalSection
	GlobalSection(SolutionProperties) = preSolution
		HideSolutionNode = FALSE
	EndGlobalSection
EndGlobal
